
Microsoft Visual Studio Solution File, Format Version 12.00
# Visual Studio Version 17
VisualStudioVersion = 17.5.33516.290
MinimumVisualStudioVersion = 10.0.40219.1
Project("{9A19103F-16F7-4668-BE54-9A1E7A4F7556}") = "BookStoreApp.API", "BookStoreApp.API\BookStoreApp.API.csproj", "{45C1957D-BC20-411F-8799-CBDD56CFC894}"
EndProject
Project("{9A19103F-16F7-4668-BE54-9A1E7A4F7556}") = "BookStoreApp.BlazorServer", "BookStoreApp.BlazorServer\BookStoreApp.BlazorServer.csproj", "{F7F6791E-DEC1-4482-A9A5-C859F33E803D}"
EndProject
Project("{9A19103F-16F7-4668-BE54-9A1E7A4F7556}") = "BookStoreApp.BlazorMAUI", "BookStoreApp.BlazorMAUI\BookStoreApp.BlazorMAUI.csproj", "{A248DCE3-BC56-44A1-9D13-68E3BB422994}"
EndProject
Global
	GlobalSection(SolutionConfigurationPlatforms) = preSolution
		Debug|Any CPU = Debug|Any CPU
		Release|Any CPU = Release|Any CPU
	EndGlobalSection
	GlobalSection(ProjectConfigurationPlatforms) = postSolution
		{45C1957D-BC20-411F-8799-CBDD56CFC894}.Debug|Any CPU.ActiveCfg = Debug|Any CPU
		{45C1957D-BC20-411F-8799-CBDD56CFC894}.Debug|Any CPU.Build.0 = Debug|Any CPU
		{45C1957D-BC20-411F-8799-CBDD56CFC894}.Release|Any CPU.ActiveCfg = Release|Any CPU
		{45C1957D-BC20-411F-8799-CBDD56CFC894}.Release|Any CPU.Build.0 = Release|Any CPU
		{F7F6791E-DEC1-4482-A9A5-C859F33E803D}.Debug|Any CPU.ActiveCfg = Debug|Any CPU
		{F7F6791E-DEC1-4482-A9A5-C859F33E803D}.Debug|Any CPU.Build.0 = Debug|Any CPU
		{F7F6791E-DEC1-4482-A9A5-C859F33E803D}.Release|Any CPU.ActiveCfg = Release|Any CPU
		{F7F6791E-DEC1-4482-A9A5-C859F33E803D}.Release|Any CPU.Build.0 = Release|Any CPU
		{A248DCE3-BC56-44A1-9D13-68E3BB422994}.Debug|Any CPU.ActiveCfg = Debug|Any CPU
		{A248DCE3-BC56-44A1-9D13-68E3BB422994}.Debug|Any CPU.Build.0 = Debug|Any CPU
		{A248DCE3-BC56-44A1-9D13-68E3BB422994}.Debug|Any CPU.Deploy.0 = Debug|Any CPU
		{A248DCE3-BC56-44A1-9D13-68E3BB422994}.Release|Any CPU.ActiveCfg = Release|Any CPU
		{A248DCE3-BC56-44A1-9D13-68E3BB422994}.Release|Any CPU.Build.0 = Release|Any CPU
		{A248DCE3-BC56-44A1-9D13-68E3BB422994}.Release|Any CPU.Deploy.0 = Release|Any CPU
	EndGlobalSection
	GlobalSection(SolutionProperties) = preSolution
		HideSolutionNode = FALSE
	EndGlobalSection
	GlobalSection(ExtensibilityGlobals) = postSolution
		SolutionGuid = {2F1FE9F7-3DE6-4E4A-8847-D43CF11B3BA1}
	EndGlobalSection
EndGlobal
